#MicroXplorer Configuration settings - do not modify
Mcu.Family=STM32F1
PA6.GPIOParameters=PinState,GPIO_Label
RCC.PLLSourceVirtual=RCC_PLLSOURCE_HSE
ProjectManager.MainLocation=Core/Src
RCC.MCOFreq_Value=72000000
CAN2.CalculateBaudRate=33333
ProjectManager.ProjectFileName=smart-wipers.ioc
PD1-OSC_OUT.Mode=HSE-External-Oscillator
ProjectManager.KeepUserCode=true
PA10.Mode=Asynchronous
Mcu.UserName=STM32F105R8Tx
Mcu.PinsNb=14
ProjectManager.NoMain=false
CAN2.CalculateTimeBit=29999.99
RCC.PLLCLKFreq_Value=72000000
CAN1.IPParameters=CalculateTimeQuantum,CalculateTimeBit,CalculateBaudRate,BS1,BS2,Prescaler
CAN1.CalculateBaudRate=95238
CAN2.IPParameters=CalculateTimeQuantum,CalculateTimeBit,CalculateBaudRate,BS1,BS2,Prescaler
ProjectManager.functionlistsort=1-MX_GPIO_Init-GPIO-false-HAL-true,2-SystemClock_Config-RCC-false-HAL-false,3-MX_CAN1_Init-CAN1-false-HAL-true,4-MX_CAN2_Init-CAN2-false-HAL-true,5-MX_USART1_UART_Init-USART1-false-HAL-true
PA11.Mode=CAN_Activate
RCC.ADCFreqValue=36000000
ProjectManager.DefaultFWLocation=true
PA6.PinState=GPIO_PIN_SET
PA6.GPIO_Label=LED_LOWT
PD0-OSC_IN.Signal=RCC_OSC_IN
ProjectManager.DeletePrevious=true
USART1.IPParameters=VirtualMode
RCC.APB1CLKDivider=RCC_HCLK_DIV2
PB13.Signal=CAN2_TX
PA5.PinState=GPIO_PIN_SET
PinOutPanel.RotationAngle=0
RCC.FamilyName=M
RCC.I2S3Freq_Value=72000000
RCC.SYSCLKSource=RCC_SYSCLKSOURCE_PLLCLK
ProjectManager.StackSize=0x400
PD1-OSC_OUT.Signal=RCC_OSC_OUT
PA13.Signal=SYS_JTMS-SWDIO
Mcu.IP4=SYS
RCC.FCLKCortexFreq_Value=72000000
Mcu.IP5=USART1
Mcu.IP2=NVIC
NVIC.SVCall_IRQn=true\:0\:0\:false\:false\:true\:false\:false
Mcu.IP3=RCC
Mcu.IP0=CAN1
PA9.Mode=Asynchronous
Mcu.IP1=CAN2
PA12.Signal=CAN1_TX
PA4.PinState=GPIO_PIN_SET
CAN1.BS2=CAN_BS2_2TQ
Mcu.UserConstants=
CAN1.BS1=CAN_BS1_15TQ
ProjectManager.TargetToolchain=STM32CubeIDE
Mcu.ThirdPartyNb=0
RCC.HCLKFreq_Value=72000000
Mcu.IPNb=6
ProjectManager.PreviousToolchain=STM32CubeIDE
RCC.APB2TimFreq_Value=72000000
PA9.Signal=USART1_TX
Mcu.Pin6=PB13
Mcu.Pin7=PA9
ProjectManager.RegisterCallBack=
Mcu.Pin8=PA10
RCC.USBFreq_Value=48000000
Mcu.Pin9=PA11
RCC.AHBFreq_Value=72000000
Mcu.Pin0=PD0-OSC_IN
Mcu.Pin1=PD1-OSC_OUT
GPIO.groupedBy=Group By Peripherals
PD0-OSC_IN.Mode=HSE-External-Oscillator
Mcu.Pin2=PA4
Mcu.Pin3=PA5
Mcu.Pin4=PA6
Mcu.Pin5=PB12
PA5.Signal=GPIO_Output
ProjectManager.ProjectBuild=false
NVIC.UsageFault_IRQn=true\:0\:0\:false\:false\:true\:false\:false
NVIC.DebugMonitor_IRQn=true\:0\:0\:false\:false\:true\:false\:false
board=custom
PA4.Locked=true
NVIC.SysTick_IRQn=true\:0\:0\:false\:false\:true\:false\:true
ProjectManager.LastFirmware=true
RCC.PLLMUL=RCC_PLL_MUL9
RCC.VCOOutput2Freq_Value=8000000
ProjectManager.FirmwarePackage=STM32Cube FW_F1 V1.8.3
MxDb.Version=DB.6.0.10
RCC.APB2Freq_Value=72000000
ProjectManager.BackupPrevious=false
MxCube.Version=6.1.1
PA14.Mode=Serial_Wire
CAN2.Prescaler=60
File.Version=6
VP_SYS_VS_Systick.Mode=SysTick
CAN2.CalculateTimeQuantum=1666.6666666666667
NVIC.NonMaskableInt_IRQn=true\:0\:0\:false\:false\:true\:false\:false
PA4.GPIOParameters=PinState,GPIO_Label
NVIC.PendSV_IRQn=true\:0\:0\:false\:false\:true\:false\:false
PA13.Mode=Serial_Wire
ProjectManager.FreePins=false
RCC.IPParameters=ADCFreqValue,AHBFreq_Value,APB1CLKDivider,APB1Freq_Value,APB1TimFreq_Value,APB2Freq_Value,APB2TimFreq_Value,FCLKCortexFreq_Value,FamilyName,HCLKFreq_Value,I2S2Freq_Value,I2S3Freq_Value,MCOFreq_Value,PLLCLKFreq_Value,PLLMUL,PLLSourceVirtual,SYSCLKFreq_VALUE,SYSCLKSource,TimSysFreq_Value,USBFreq_Value,VCOOutput2Freq_Value
ProjectManager.AskForMigrate=true
Mcu.Name=STM32F105R(8-B-C)Tx
ProjectManager.HalAssertFull=false
ProjectManager.ProjectName=smart-wipers
ProjectManager.UnderRoot=true
ProjectManager.CoupleFile=true
PA4.Signal=GPIO_Output
RCC.SYSCLKFreq_VALUE=72000000
CAN1.Prescaler=21
Mcu.Package=LQFP64
PA6.Signal=GPIO_Output
RCC.TimSysFreq_Value=72000000
PB12.Mode=CAN_Activate
PA5.Locked=true
PA12.Mode=CAN_Activate
CAN2.BS1=CAN_BS1_15TQ
RCC.I2S2Freq_Value=72000000
PA5.GPIO_Label=LED_ACC
CAN2.BS2=CAN_BS2_2TQ
NVIC.ForceEnableDMAVector=true
KeepUserPlacement=false
NVIC.MemoryManagement_IRQn=true\:0\:0\:false\:false\:true\:false\:false
USART1.VirtualMode=VM_ASYNC
ProjectManager.CompilerOptimize=6
ProjectManager.ToolChainLocation=
VP_SYS_VS_Systick.Signal=SYS_VS_Systick
PA11.Signal=CAN1_RX
PA10.Signal=USART1_RX
PA14.Signal=SYS_JTCK-SWCLK
ProjectManager.HeapSize=0x200
NVIC.HardFault_IRQn=true\:0\:0\:false\:false\:true\:false\:false
Mcu.Pin13=VP_SYS_VS_Systick
PA5.GPIOParameters=PinState,GPIO_Label
ProjectManager.ComputerToolchain=false
NVIC.PriorityGroup=NVIC_PRIORITYGROUP_4
Mcu.Pin11=PA13
Mcu.Pin12=PA14
Mcu.Pin10=PA12
RCC.APB1TimFreq_Value=72000000
NVIC.BusFault_IRQn=true\:0\:0\:false\:false\:true\:false\:false
PB13.Mode=CAN_Activate
RCC.APB1Freq_Value=36000000
CAN1.CalculateTimeBit=10499.99
PA4.GPIO_Label=LED_BOOT
ProjectManager.CustomerFirmwarePackage=
ProjectManager.DeviceId=STM32F105R8Tx
PB12.Signal=CAN2_RX
ProjectManager.LibraryCopy=1
CAN1.CalculateTimeQuantum=583.3333333333334
PA6.Locked=true
